
Microsoft Visual Studio Solution File, Format Version 12.00
# Visual Studio Version 17
VisualStudioVersion = 17.7.34018.315
MinimumVisualStudioVersion = 10.0.40219.1
Project("{FAE04EC0-301F-11D3-BF4B-00C04F79EFBC}") = "TestBai2Banhang", "TestBai2Banhang\TestBai2Banhang.csproj", "{79B4D70D-57E7-4AF5-98AE-9975AE5D5F22}"
EndProject
Global
	GlobalSection(SolutionConfigurationPlatforms) = preSolution
		Debug|Any CPU = Debug|Any CPU
		Release|Any CPU = Release|Any CPU
	EndGlobalSection
	GlobalSection(ProjectConfigurationPlatforms) = postSolution
		{79B4D70D-57E7-4AF5-98AE-9975AE5D5F22}.Debug|Any CPU.ActiveCfg = Debug|Any CPU
		{79B4D70D-57E7-4AF5-98AE-9975AE5D5F22}.Debug|Any CPU.Build.0 = Debug|Any CPU
		{79B4D70D-57E7-4AF5-98AE-9975AE5D5F22}.Release|Any CPU.ActiveCfg = Release|Any CPU
		{79B4D70D-57E7-4AF5-98AE-9975AE5D5F22}.Release|Any CPU.Build.0 = Release|Any CPU
	EndGlobalSection
	GlobalSection(SolutionProperties) = preSolution
		HideSolutionNode = FALSE
	EndGlobalSection
	GlobalSection(ExtensibilityGlobals) = postSolution
		SolutionGuid = {9465B23B-1587-43FA-B19D-AFC5EB31CA86}
	EndGlobalSection
EndGlobal
